
Microsoft Visual Studio Solution File, Format Version 12.00
Project("{FAE04EC0-301F-11D3-BF4B-00C04F79EFBC}") = "OllamaBackend.Core", "OllamaBackend.Core\OllamaBackend.Core.csproj", "{60A12FCA-8BC7-41FF-96C0-E5DE26C32E68}"
EndProject
Project("{2150E333-8FDC-42A3-9474-1A3956D46DE8}") = "Core", "Core", "{DBC0E93B-9AF1-47C1-84A9-265B4AC48387}"
EndProject
Project("{2150E333-8FDC-42A3-9474-1A3956D46DE8}") = "Common", "Common", "{D25876C4-EB31-4ACB-8C59-91A05CC114D3}"
EndProject
Project("{2150E333-8FDC-42A3-9474-1A3956D46DE8}") = "Chat", "Chat", "{F655122F-0931-48B4-9217-EC2BE879DC44}"
EndProject
Project("{FAE04EC0-301F-11D3-BF4B-00C04F79EFBC}") = "Chat.Common", "Chat.Common\Chat.Common.csproj", "{E6369F92-7F53-4FEE-BCAD-DE9EAF9C9D31}"
EndProject
Project("{FAE04EC0-301F-11D3-BF4B-00C04F79EFBC}") = "Chat.Controllers", "Chat.Controllers\Chat.Controllers.csproj", "{B19C5E92-DC39-4369-8946-5AB24DFB6E22}"
EndProject
Project("{FAE04EC0-301F-11D3-BF4B-00C04F79EFBC}") = "Chat.CQRS", "Chat.CQRS\Chat.CQRS.csproj", "{3A900A07-C228-4D5E-BEE8-7A0A77034E59}"
EndProject
Project("{FAE04EC0-301F-11D3-BF4B-00C04F79EFBC}") = "Chat.DataAccess", "Chat.DataAccess\Chat.DataAccess.csproj", "{75CB1FB2-8AC8-4B45-A3E6-D0DD78B8E340}"
EndProject
Project("{FAE04EC0-301F-11D3-BF4B-00C04F79EFBC}") = "Chat.Domain", "Chat.Domain\Chat.Domain.csproj", "{1B0BCEAF-0375-4376-8FEE-47221CAA7C5A}"
EndProject
Project("{FAE04EC0-301F-11D3-BF4B-00C04F79EFBC}") = "Chat.Services.Implementations", "Chat.Services.Implementations\Chat.Services.Implementations.csproj", "{17583C27-FFEB-42EE-9F01-147242ADF298}"
EndProject
Project("{FAE04EC0-301F-11D3-BF4B-00C04F79EFBC}") = "Chat.Services.Interfaces", "Chat.Services.Interfaces\Chat.Services.Interfaces.csproj", "{24B44CD7-201C-45D8-BA02-0DC95651A119}"
EndProject
Project("{FAE04EC0-301F-11D3-BF4B-00C04F79EFBC}") = "Chat.Startup", "Chat.Startup\Chat.Startup.csproj", "{1C7907E9-A9A9-4716-B723-539A2C1453AB}"
EndProject
Project("{2150E333-8FDC-42A3-9474-1A3956D46DE8}") = "Users", "Users", "{8A27A3B3-393A-4B04-B7C2-86B8278FC40B}"
EndProject
Project("{FAE04EC0-301F-11D3-BF4B-00C04F79EFBC}") = "Users.CQRS", "Users.CQRS\Users.CQRS.csproj", "{A06D95AF-CFFF-4AED-910E-1E6F3F725E1D}"
EndProject
Project("{2150E333-8FDC-42A3-9474-1A3956D46DE8}") = "Authorization", "Authorization", "{75F11E89-30FB-4294-8C19-2328D282C8E6}"
EndProject
Project("{FAE04EC0-301F-11D3-BF4B-00C04F79EFBC}") = "Users.Authorization.Common", "Users.Authorization.Common\Users.Authorization.Common.csproj", "{7A2704A2-1FFC-4DE1-BC2B-71C287D54DB4}"
EndProject
Project("{FAE04EC0-301F-11D3-BF4B-00C04F79EFBC}") = "Users.Authorization.Controllers", "Users.Authorization.Controllers\Users.Authorization.Controllers.csproj", "{0893BBCE-9183-4F21-895F-C87C66DE0EA6}"
EndProject
Project("{FAE04EC0-301F-11D3-BF4B-00C04F79EFBC}") = "Authorization.CQRS", "Authorization.CQRS\Authorization.CQRS.csproj", "{444A3673-D7FA-4C46-A848-A845E23AB8CF}"
EndProject
Project("{FAE04EC0-301F-11D3-BF4B-00C04F79EFBC}") = "Authorization.DataAccess", "Authorization.DataAccess\Authorization.DataAccess.csproj", "{9B1FF339-B7AC-44E7-B47A-1AE28B9050D2}"
EndProject
Project("{FAE04EC0-301F-11D3-BF4B-00C04F79EFBC}") = "Authorization.Domain", "Authorization.Domain\Authorization.Domain.csproj", "{DA4D3EE9-72DF-4E5A-82F0-35D88F3A440B}"
EndProject
Project("{FAE04EC0-301F-11D3-BF4B-00C04F79EFBC}") = "Authorization.Services.Implementations", "Authorization.Services.Implementations\Authorization.Services.Implementations.csproj", "{CE851131-26A9-42DD-A94D-46453C4771DA}"
EndProject
Project("{FAE04EC0-301F-11D3-BF4B-00C04F79EFBC}") = "Authorization.Services.Interfaces", "Authorization.Services.Interfaces\Authorization.Services.Interfaces.csproj", "{CEFB5EDB-55EC-4978-B21B-3CACABD15CF0}"
EndProject
Project("{FAE04EC0-301F-11D3-BF4B-00C04F79EFBC}") = "Authorization.Startup", "Authorization.Startup\Authorization.Startup.csproj", "{C7B3D0F8-4154-4DE4-9C44-4ED237E2B2A5}"
EndProject
Project("{FAE04EC0-301F-11D3-BF4B-00C04F79EFBC}") = "Common.DataAccess", "Common.DataAccess\Common.DataAccess.csproj", "{07F601F6-8694-4005-AB46-19545C13B975}"
EndProject
Global
	GlobalSection(SolutionConfigurationPlatforms) = preSolution
		Debug|Any CPU = Debug|Any CPU
		Release|Any CPU = Release|Any CPU
	EndGlobalSection
	GlobalSection(ProjectConfigurationPlatforms) = postSolution
		{60A12FCA-8BC7-41FF-96C0-E5DE26C32E68}.Debug|Any CPU.ActiveCfg = Debug|Any CPU
		{60A12FCA-8BC7-41FF-96C0-E5DE26C32E68}.Debug|Any CPU.Build.0 = Debug|Any CPU
		{60A12FCA-8BC7-41FF-96C0-E5DE26C32E68}.Release|Any CPU.ActiveCfg = Release|Any CPU
		{60A12FCA-8BC7-41FF-96C0-E5DE26C32E68}.Release|Any CPU.Build.0 = Release|Any CPU
		{E6369F92-7F53-4FEE-BCAD-DE9EAF9C9D31}.Debug|Any CPU.ActiveCfg = Debug|Any CPU
		{E6369F92-7F53-4FEE-BCAD-DE9EAF9C9D31}.Debug|Any CPU.Build.0 = Debug|Any CPU
		{E6369F92-7F53-4FEE-BCAD-DE9EAF9C9D31}.Release|Any CPU.ActiveCfg = Release|Any CPU
		{E6369F92-7F53-4FEE-BCAD-DE9EAF9C9D31}.Release|Any CPU.Build.0 = Release|Any CPU
		{B19C5E92-DC39-4369-8946-5AB24DFB6E22}.Debug|Any CPU.ActiveCfg = Debug|Any CPU
		{B19C5E92-DC39-4369-8946-5AB24DFB6E22}.Debug|Any CPU.Build.0 = Debug|Any CPU
		{B19C5E92-DC39-4369-8946-5AB24DFB6E22}.Release|Any CPU.ActiveCfg = Release|Any CPU
		{B19C5E92-DC39-4369-8946-5AB24DFB6E22}.Release|Any CPU.Build.0 = Release|Any CPU
		{3A900A07-C228-4D5E-BEE8-7A0A77034E59}.Debug|Any CPU.ActiveCfg = Debug|Any CPU
		{3A900A07-C228-4D5E-BEE8-7A0A77034E59}.Debug|Any CPU.Build.0 = Debug|Any CPU
		{3A900A07-C228-4D5E-BEE8-7A0A77034E59}.Release|Any CPU.ActiveCfg = Release|Any CPU
		{3A900A07-C228-4D5E-BEE8-7A0A77034E59}.Release|Any CPU.Build.0 = Release|Any CPU
		{75CB1FB2-8AC8-4B45-A3E6-D0DD78B8E340}.Debug|Any CPU.ActiveCfg = Debug|Any CPU
		{75CB1FB2-8AC8-4B45-A3E6-D0DD78B8E340}.Debug|Any CPU.Build.0 = Debug|Any CPU
		{75CB1FB2-8AC8-4B45-A3E6-D0DD78B8E340}.Release|Any CPU.ActiveCfg = Release|Any CPU
		{75CB1FB2-8AC8-4B45-A3E6-D0DD78B8E340}.Release|Any CPU.Build.0 = Release|Any CPU
		{1B0BCEAF-0375-4376-8FEE-47221CAA7C5A}.Debug|Any CPU.ActiveCfg = Debug|Any CPU
		{1B0BCEAF-0375-4376-8FEE-47221CAA7C5A}.Debug|Any CPU.Build.0 = Debug|Any CPU
		{1B0BCEAF-0375-4376-8FEE-47221CAA7C5A}.Release|Any CPU.ActiveCfg = Release|Any CPU
		{1B0BCEAF-0375-4376-8FEE-47221CAA7C5A}.Release|Any CPU.Build.0 = Release|Any CPU
		{17583C27-FFEB-42EE-9F01-147242ADF298}.Debug|Any CPU.ActiveCfg = Debug|Any CPU
		{17583C27-FFEB-42EE-9F01-147242ADF298}.Debug|Any CPU.Build.0 = Debug|Any CPU
		{17583C27-FFEB-42EE-9F01-147242ADF298}.Release|Any CPU.ActiveCfg = Release|Any CPU
		{17583C27-FFEB-42EE-9F01-147242ADF298}.Release|Any CPU.Build.0 = Release|Any CPU
		{24B44CD7-201C-45D8-BA02-0DC95651A119}.Debug|Any CPU.ActiveCfg = Debug|Any CPU
		{24B44CD7-201C-45D8-BA02-0DC95651A119}.Debug|Any CPU.Build.0 = Debug|Any CPU
		{24B44CD7-201C-45D8-BA02-0DC95651A119}.Release|Any CPU.ActiveCfg = Release|Any CPU
		{24B44CD7-201C-45D8-BA02-0DC95651A119}.Release|Any CPU.Build.0 = Release|Any CPU
		{1C7907E9-A9A9-4716-B723-539A2C1453AB}.Debug|Any CPU.ActiveCfg = Debug|Any CPU
		{1C7907E9-A9A9-4716-B723-539A2C1453AB}.Debug|Any CPU.Build.0 = Debug|Any CPU
		{1C7907E9-A9A9-4716-B723-539A2C1453AB}.Release|Any CPU.ActiveCfg = Release|Any CPU
		{1C7907E9-A9A9-4716-B723-539A2C1453AB}.Release|Any CPU.Build.0 = Release|Any CPU
		{A06D95AF-CFFF-4AED-910E-1E6F3F725E1D}.Debug|Any CPU.ActiveCfg = Debug|Any CPU
		{A06D95AF-CFFF-4AED-910E-1E6F3F725E1D}.Debug|Any CPU.Build.0 = Debug|Any CPU
		{A06D95AF-CFFF-4AED-910E-1E6F3F725E1D}.Release|Any CPU.ActiveCfg = Release|Any CPU
		{A06D95AF-CFFF-4AED-910E-1E6F3F725E1D}.Release|Any CPU.Build.0 = Release|Any CPU
		{7A2704A2-1FFC-4DE1-BC2B-71C287D54DB4}.Debug|Any CPU.ActiveCfg = Debug|Any CPU
		{7A2704A2-1FFC-4DE1-BC2B-71C287D54DB4}.Debug|Any CPU.Build.0 = Debug|Any CPU
		{7A2704A2-1FFC-4DE1-BC2B-71C287D54DB4}.Release|Any CPU.ActiveCfg = Release|Any CPU
		{7A2704A2-1FFC-4DE1-BC2B-71C287D54DB4}.Release|Any CPU.Build.0 = Release|Any CPU
		{0893BBCE-9183-4F21-895F-C87C66DE0EA6}.Debug|Any CPU.ActiveCfg = Debug|Any CPU
		{0893BBCE-9183-4F21-895F-C87C66DE0EA6}.Debug|Any CPU.Build.0 = Debug|Any CPU
		{0893BBCE-9183-4F21-895F-C87C66DE0EA6}.Release|Any CPU.ActiveCfg = Release|Any CPU
		{0893BBCE-9183-4F21-895F-C87C66DE0EA6}.Release|Any CPU.Build.0 = Release|Any CPU
		{444A3673-D7FA-4C46-A848-A845E23AB8CF}.Debug|Any CPU.ActiveCfg = Debug|Any CPU
		{444A3673-D7FA-4C46-A848-A845E23AB8CF}.Debug|Any CPU.Build.0 = Debug|Any CPU
		{444A3673-D7FA-4C46-A848-A845E23AB8CF}.Release|Any CPU.ActiveCfg = Release|Any CPU
		{444A3673-D7FA-4C46-A848-A845E23AB8CF}.Release|Any CPU.Build.0 = Release|Any CPU
		{9B1FF339-B7AC-44E7-B47A-1AE28B9050D2}.Debug|Any CPU.ActiveCfg = Debug|Any CPU
		{9B1FF339-B7AC-44E7-B47A-1AE28B9050D2}.Debug|Any CPU.Build.0 = Debug|Any CPU
		{9B1FF339-B7AC-44E7-B47A-1AE28B9050D2}.Release|Any CPU.ActiveCfg = Release|Any CPU
		{9B1FF339-B7AC-44E7-B47A-1AE28B9050D2}.Release|Any CPU.Build.0 = Release|Any CPU
		{DA4D3EE9-72DF-4E5A-82F0-35D88F3A440B}.Debug|Any CPU.ActiveCfg = Debug|Any CPU
		{DA4D3EE9-72DF-4E5A-82F0-35D88F3A440B}.Debug|Any CPU.Build.0 = Debug|Any CPU
		{DA4D3EE9-72DF-4E5A-82F0-35D88F3A440B}.Release|Any CPU.ActiveCfg = Release|Any CPU
		{DA4D3EE9-72DF-4E5A-82F0-35D88F3A440B}.Release|Any CPU.Build.0 = Release|Any CPU
		{CE851131-26A9-42DD-A94D-46453C4771DA}.Debug|Any CPU.ActiveCfg = Debug|Any CPU
		{CE851131-26A9-42DD-A94D-46453C4771DA}.Debug|Any CPU.Build.0 = Debug|Any CPU
		{CE851131-26A9-42DD-A94D-46453C4771DA}.Release|Any CPU.ActiveCfg = Release|Any CPU
		{CE851131-26A9-42DD-A94D-46453C4771DA}.Release|Any CPU.Build.0 = Release|Any CPU
		{CEFB5EDB-55EC-4978-B21B-3CACABD15CF0}.Debug|Any CPU.ActiveCfg = Debug|Any CPU
		{CEFB5EDB-55EC-4978-B21B-3CACABD15CF0}.Debug|Any CPU.Build.0 = Debug|Any CPU
		{CEFB5EDB-55EC-4978-B21B-3CACABD15CF0}.Release|Any CPU.ActiveCfg = Release|Any CPU
		{CEFB5EDB-55EC-4978-B21B-3CACABD15CF0}.Release|Any CPU.Build.0 = Release|Any CPU
		{C7B3D0F8-4154-4DE4-9C44-4ED237E2B2A5}.Debug|Any CPU.ActiveCfg = Debug|Any CPU
		{C7B3D0F8-4154-4DE4-9C44-4ED237E2B2A5}.Debug|Any CPU.Build.0 = Debug|Any CPU
		{C7B3D0F8-4154-4DE4-9C44-4ED237E2B2A5}.Release|Any CPU.ActiveCfg = Release|Any CPU
		{C7B3D0F8-4154-4DE4-9C44-4ED237E2B2A5}.Release|Any CPU.Build.0 = Release|Any CPU
		{07F601F6-8694-4005-AB46-19545C13B975}.Debug|Any CPU.ActiveCfg = Debug|Any CPU
		{07F601F6-8694-4005-AB46-19545C13B975}.Debug|Any CPU.Build.0 = Debug|Any CPU
		{07F601F6-8694-4005-AB46-19545C13B975}.Release|Any CPU.ActiveCfg = Release|Any CPU
		{07F601F6-8694-4005-AB46-19545C13B975}.Release|Any CPU.Build.0 = Release|Any CPU
	EndGlobalSection
	GlobalSection(NestedProjects) = preSolution
		{60A12FCA-8BC7-41FF-96C0-E5DE26C32E68} = {DBC0E93B-9AF1-47C1-84A9-265B4AC48387}
		{E6369F92-7F53-4FEE-BCAD-DE9EAF9C9D31} = {F655122F-0931-48B4-9217-EC2BE879DC44}
		{B19C5E92-DC39-4369-8946-5AB24DFB6E22} = {F655122F-0931-48B4-9217-EC2BE879DC44}
		{3A900A07-C228-4D5E-BEE8-7A0A77034E59} = {F655122F-0931-48B4-9217-EC2BE879DC44}
		{75CB1FB2-8AC8-4B45-A3E6-D0DD78B8E340} = {F655122F-0931-48B4-9217-EC2BE879DC44}
		{1B0BCEAF-0375-4376-8FEE-47221CAA7C5A} = {F655122F-0931-48B4-9217-EC2BE879DC44}
		{17583C27-FFEB-42EE-9F01-147242ADF298} = {F655122F-0931-48B4-9217-EC2BE879DC44}
		{24B44CD7-201C-45D8-BA02-0DC95651A119} = {F655122F-0931-48B4-9217-EC2BE879DC44}
		{1C7907E9-A9A9-4716-B723-539A2C1453AB} = {F655122F-0931-48B4-9217-EC2BE879DC44}
		{A06D95AF-CFFF-4AED-910E-1E6F3F725E1D} = {8A27A3B3-393A-4B04-B7C2-86B8278FC40B}
		{75F11E89-30FB-4294-8C19-2328D282C8E6} = {8A27A3B3-393A-4B04-B7C2-86B8278FC40B}
		{7A2704A2-1FFC-4DE1-BC2B-71C287D54DB4} = {75F11E89-30FB-4294-8C19-2328D282C8E6}
		{0893BBCE-9183-4F21-895F-C87C66DE0EA6} = {75F11E89-30FB-4294-8C19-2328D282C8E6}
		{444A3673-D7FA-4C46-A848-A845E23AB8CF} = {75F11E89-30FB-4294-8C19-2328D282C8E6}
		{9B1FF339-B7AC-44E7-B47A-1AE28B9050D2} = {75F11E89-30FB-4294-8C19-2328D282C8E6}
		{DA4D3EE9-72DF-4E5A-82F0-35D88F3A440B} = {75F11E89-30FB-4294-8C19-2328D282C8E6}
		{CE851131-26A9-42DD-A94D-46453C4771DA} = {75F11E89-30FB-4294-8C19-2328D282C8E6}
		{CEFB5EDB-55EC-4978-B21B-3CACABD15CF0} = {75F11E89-30FB-4294-8C19-2328D282C8E6}
		{C7B3D0F8-4154-4DE4-9C44-4ED237E2B2A5} = {75F11E89-30FB-4294-8C19-2328D282C8E6}
		{07F601F6-8694-4005-AB46-19545C13B975} = {D25876C4-EB31-4ACB-8C59-91A05CC114D3}
	EndGlobalSection
EndGlobal
